
Microsoft Visual Studio Solution File, Format Version 12.00
# Visual Studio Version 17
VisualStudioVersion = 17.0.31903.59
MinimumVisualStudioVersion = 10.0.40219.1
Project("{2150E333-8FDC-42A3-9474-1A3956D46DE8}") = "src", "src", "{972477A4-1E70-4F06-96A8-13F0A485D077}"
EndProject
Project("{FAE04EC0-301F-11D3-BF4B-00C04F79EFBC}") = "NarrativeTrace.Core", "src\NarrativeTrace.Core\NarrativeTrace.Core.csproj", "{97762495-372E-4133-BE02-C9F17DBEB57A}"
EndProject
Project("{FAE04EC0-301F-11D3-BF4B-00C04F79EFBC}") = "NarrativeTrace.Proxy", "src\NarrativeTrace.Proxy\NarrativeTrace.Proxy.csproj", "{C207714C-5287-47DB-B7A2-15DAE5E5230A}"
EndProject
Project("{FAE04EC0-301F-11D3-BF4B-00C04F79EFBC}") = "NarrativeTrace.Clarity", "src\NarrativeTrace.Clarity\NarrativeTrace.Clarity.csproj", "{707F749F-576C-4BC4-8417-FA1C8CC11155}"
EndProject
Project("{FAE04EC0-301F-11D3-BF4B-00C04F79EFBC}") = "NarrativeTrace.Diagrams", "src\NarrativeTrace.Diagrams\NarrativeTrace.Diagrams.csproj", "{26F87CDF-EA88-4847-981D-C5591E4D934F}"
EndProject
Project("{FAE04EC0-301F-11D3-BF4B-00C04F79EFBC}") = "NarrativeTrace.Testing.Xunit", "src\NarrativeTrace.Testing.Xunit\NarrativeTrace.Testing.Xunit.csproj", "{8C23D64D-B7ED-434A-A9B8-5FBA4C1DF1F7}"
EndProject
Project("{FAE04EC0-301F-11D3-BF4B-00C04F79EFBC}") = "NarrativeTrace.Testing.NUnit", "src\NarrativeTrace.Testing.NUnit\NarrativeTrace.Testing.NUnit.csproj", "{4FA737F0-9EB1-4927-BECE-31164E5E4489}"
EndProject
Project("{FAE04EC0-301F-11D3-BF4B-00C04F79EFBC}") = "NarrativeTrace.Logging", "src\NarrativeTrace.Logging\NarrativeTrace.Logging.csproj", "{A11D5BF3-6A13-4E0E-A3B2-BC28EC60C573}"
EndProject
Project("{FAE04EC0-301F-11D3-BF4B-00C04F79EFBC}") = "NarrativeTrace.AspNetCore", "src\NarrativeTrace.AspNetCore\NarrativeTrace.AspNetCore.csproj", "{011DAE98-6338-43C3-8D56-F0B6744A5198}"
EndProject
Project("{FAE04EC0-301F-11D3-BF4B-00C04F79EFBC}") = "NarrativeTrace.Observability", "src\NarrativeTrace.Observability\NarrativeTrace.Observability.csproj", "{A1115DCA-5862-497D-BE37-A2CF0996E361}"
EndProject
Project("{FAE04EC0-301F-11D3-BF4B-00C04F79EFBC}") = "NarrativeTrace.Legacy", "src\NarrativeTrace.Legacy\NarrativeTrace.Legacy.csproj", "{C845EBDF-9527-4D4F-8FAE-C52B16E4E640}"
EndProject
Project("{2150E333-8FDC-42A3-9474-1A3956D46DE8}") = "tests", "tests", "{EC7C3725-72EA-4B7A-8907-2D40F7E67683}"
EndProject
Project("{FAE04EC0-301F-11D3-BF4B-00C04F79EFBC}") = "NarrativeTrace.Core.Tests", "tests\NarrativeTrace.Core.Tests\NarrativeTrace.Core.Tests.csproj", "{C6BFB792-6970-46B0-919A-1A6E7E1FAFCC}"
EndProject
Project("{2150E333-8FDC-42A3-9474-1A3956D46DE8}") = "examples", "examples", "{85A8B748-6173-4B85-89DA-0BB7A828CF94}"
EndProject
Project("{FAE04EC0-301F-11D3-BF4B-00C04F79EFBC}") = "NarrativeTrace.Examples.ECommerce", "examples\NarrativeTrace.Examples.ECommerce\NarrativeTrace.Examples.ECommerce.csproj", "{F5B8C2AA-3405-43E7-80BB-604754B2B71D}"
EndProject
Project("{2150E333-8FDC-42A3-9474-1A3956D46DE8}") = "benchmarks", "benchmarks", "{C24C2AC0-3825-4F27-8706-EF42B4A7C8C5}"
EndProject
Project("{FAE04EC0-301F-11D3-BF4B-00C04F79EFBC}") = "NarrativeTrace.Benchmarks", "benchmarks\NarrativeTrace.Benchmarks\NarrativeTrace.Benchmarks.csproj", "{8AF0665F-8A4B-4450-9039-726A8CF87011}"
EndProject
Project("{FAE04EC0-301F-11D3-BF4B-00C04F79EFBC}") = "NarrativeTrace.Proxy.Tests", "tests\NarrativeTrace.Proxy.Tests\NarrativeTrace.Proxy.Tests.csproj", "{BA21F2F6-11CE-4D85-AC91-1ED2336F08C5}"
EndProject
Project("{FAE04EC0-301F-11D3-BF4B-00C04F79EFBC}") = "NarrativeTrace.Clarity.Tests", "tests\NarrativeTrace.Clarity.Tests\NarrativeTrace.Clarity.Tests.csproj", "{DB953C2E-2219-4896-B552-FDF9E3663916}"
EndProject
Project("{FAE04EC0-301F-11D3-BF4B-00C04F79EFBC}") = "NarrativeTrace.Diagrams.Tests", "tests\NarrativeTrace.Diagrams.Tests\NarrativeTrace.Diagrams.Tests.csproj", "{BE937B91-F504-4F26-AA41-E585CA998739}"
EndProject
Project("{FAE04EC0-301F-11D3-BF4B-00C04F79EFBC}") = "NarrativeTrace.Testing.Xunit.Tests", "tests\NarrativeTrace.Testing.Xunit.Tests\NarrativeTrace.Testing.Xunit.Tests.csproj", "{0DA4D917-85CD-485E-905C-E02B1AED492F}"
EndProject
Project("{FAE04EC0-301F-11D3-BF4B-00C04F79EFBC}") = "NarrativeTrace.Testing.NUnit.Tests", "tests\NarrativeTrace.Testing.NUnit.Tests\NarrativeTrace.Testing.NUnit.Tests.csproj", "{A7C79FC3-449D-4F05-8ACE-2A7815BF4025}"
EndProject
Project("{FAE04EC0-301F-11D3-BF4B-00C04F79EFBC}") = "NarrativeTrace.Logging.Tests", "tests\NarrativeTrace.Logging.Tests\NarrativeTrace.Logging.Tests.csproj", "{C6A1F1D1-BA98-435D-AEFC-60DAE925C0CB}"
EndProject
Project("{FAE04EC0-301F-11D3-BF4B-00C04F79EFBC}") = "NarrativeTrace.AspNetCore.Tests", "tests\NarrativeTrace.AspNetCore.Tests\NarrativeTrace.AspNetCore.Tests.csproj", "{8B0FBF8C-D007-4612-BB7F-F3EAE0FD3EB8}"
EndProject
Project("{FAE04EC0-301F-11D3-BF4B-00C04F79EFBC}") = "NarrativeTrace.Observability.Tests", "tests\NarrativeTrace.Observability.Tests\NarrativeTrace.Observability.Tests.csproj", "{ECF1118B-EED7-4602-A350-4043E29219B0}"
EndProject
Project("{FAE04EC0-301F-11D3-BF4B-00C04F79EFBC}") = "NarrativeTrace.Legacy.Tests", "tests\NarrativeTrace.Legacy.Tests\NarrativeTrace.Legacy.Tests.csproj", "{75DAC07E-C0B7-4F57-A572-1443C02D9577}"
EndProject
Project("{FAE04EC0-301F-11D3-BF4B-00C04F79EFBC}") = "NarrativeTrace.ArchTests", "tests\NarrativeTrace.ArchTests\NarrativeTrace.ArchTests.csproj", "{06C8E1BF-6348-463F-97E8-9AF4D4468148}"
EndProject
Project("{FAE04EC0-301F-11D3-BF4B-00C04F79EFBC}") = "NarrativeTrace.Runtime", "src\NarrativeTrace.Runtime\NarrativeTrace.Runtime.csproj", "{704106EB-5A18-4EEA-8A27-92541FF7C609}"
EndProject
Project("{FAE04EC0-301F-11D3-BF4B-00C04F79EFBC}") = "NarrativeTrace.DependencyInjection", "src\NarrativeTrace.DependencyInjection\NarrativeTrace.DependencyInjection.csproj", "{E2080179-296D-44C2-A045-878B554FD16F}"
EndProject
Project("{FAE04EC0-301F-11D3-BF4B-00C04F79EFBC}") = "NarrativeTrace.DependencyInjection.Tests", "tests\NarrativeTrace.DependencyInjection.Tests\NarrativeTrace.DependencyInjection.Tests.csproj", "{8BCAB53E-84AB-4CDB-A810-4EF8B1CF4FEF}"
EndProject
Project("{FAE04EC0-301F-11D3-BF4B-00C04F79EFBC}") = "NarrativeTrace.Cli", "src\NarrativeTrace.Cli\NarrativeTrace.Cli.csproj", "{6D9DFCE7-B1F6-4242-BDBD-BABC319F6717}"
EndProject
Project("{FAE04EC0-301F-11D3-BF4B-00C04F79EFBC}") = "NarrativeTrace.Cli.Tests", "tests\NarrativeTrace.Cli.Tests\NarrativeTrace.Cli.Tests.csproj", "{AA0CB193-2EFA-4DB4-A5D9-7407EC575FF1}"
EndProject
Project("{FAE04EC0-301F-11D3-BF4B-00C04F79EFBC}") = "NarrativeTrace.MSBuild", "src\NarrativeTrace.MSBuild\NarrativeTrace.MSBuild.csproj", "{C410F6E0-153A-4540-B6A9-BF39641522EB}"
EndProject
Project("{FAE04EC0-301F-11D3-BF4B-00C04F79EFBC}") = "NarrativeTrace.Examples.ECommerce.Tests", "tests\NarrativeTrace.Examples.ECommerce.Tests\NarrativeTrace.Examples.ECommerce.Tests.csproj", "{CFA65F2C-0FDC-4A92-9C78-EDC7D980B4AC}"
EndProject
Project("{FAE04EC0-301F-11D3-BF4B-00C04F79EFBC}") = "NarrativeTrace.Glossary", "src\NarrativeTrace.Glossary\NarrativeTrace.Glossary.csproj", "{C342E87B-37C4-4AC8-ADC4-75357E32F9F0}"
EndProject
Project("{FAE04EC0-301F-11D3-BF4B-00C04F79EFBC}") = "NarrativeTrace.Glossary.Tests", "tests\NarrativeTrace.Glossary.Tests\NarrativeTrace.Glossary.Tests.csproj", "{C037908B-7830-4823-9410-5DAAE266CD62}"
EndProject
Project("{FAE04EC0-301F-11D3-BF4B-00C04F79EFBC}") = "NarrativeTrace.SecurityTests", "tests\NarrativeTrace.SecurityTests\NarrativeTrace.SecurityTests.csproj", "{EDA2D464-2040-4160-B1B8-7DB224EE7347}"
EndProject
Project("{FAE04EC0-301F-11D3-BF4B-00C04F79EFBC}") = "NarrativeTrace.StressTests", "tests\NarrativeTrace.StressTests\NarrativeTrace.StressTests.csproj", "{E7D61684-E918-4142-8FD4-FB6FF442A553}"
EndProject
Project("{FAE04EC0-301F-11D3-BF4B-00C04F79EFBC}") = "BuildScript.Tests", "tests\BuildScript.Tests\BuildScript.Tests.csproj", "{D8A07F86-B433-4906-9867-758BDED0747F}"
EndProject
Project("{FAE04EC0-301F-11D3-BF4B-00C04F79EFBC}") = "NarrativeTrace.Examples.Common", "examples\NarrativeTrace.Examples.Common\NarrativeTrace.Examples.Common.csproj", "{51B68B71-0364-4459-842F-CE9647E61EBB}"
EndProject
Project("{FAE04EC0-301F-11D3-BF4B-00C04F79EFBC}") = "NarrativeTrace.Examples.Common.Tests", "tests\NarrativeTrace.Examples.Common.Tests\NarrativeTrace.Examples.Common.Tests.csproj", "{93887FFA-CB8F-4D88-8106-5F5F97579083}"
EndProject
Project("{FAE04EC0-301F-11D3-BF4B-00C04F79EFBC}") = "NarrativeTrace.Examples.Clarity", "examples\NarrativeTrace.Examples.Clarity\NarrativeTrace.Examples.Clarity.csproj", "{03195D13-29DF-4372-8A61-70DE1D18AA83}"
EndProject
Project("{FAE04EC0-301F-11D3-BF4B-00C04F79EFBC}") = "NarrativeTrace.Examples.Clarity.Tests", "tests\NarrativeTrace.Examples.Clarity.Tests\NarrativeTrace.Examples.Clarity.Tests.csproj", "{A812B150-50B1-4902-A470-DA265F93B4A3}"
EndProject
Project("{FAE04EC0-301F-11D3-BF4B-00C04F79EFBC}") = "NarrativeTrace.Examples.Minecraft", "examples\NarrativeTrace.Examples.Minecraft\NarrativeTrace.Examples.Minecraft.csproj", "{AA817333-4AF1-4BE4-9F50-65F27FD47C7D}"
EndProject
Project("{FAE04EC0-301F-11D3-BF4B-00C04F79EFBC}") = "NarrativeTrace.Examples.Minecraft.Tests", "tests\NarrativeTrace.Examples.Minecraft.Tests\NarrativeTrace.Examples.Minecraft.Tests.csproj", "{EA9E5338-B851-424D-B533-7C5901A4BB3C}"
EndProject
Project("{F2A71F9B-5D33-465A-A702-920D77279786}") = "NarrativeTrace.Examples.Library", "examples\NarrativeTrace.Examples.Library\NarrativeTrace.Examples.Library.fsproj", "{36C98FE6-6D37-4384-886E-A16B01D23D39}"
EndProject
Project("{FAE04EC0-301F-11D3-BF4B-00C04F79EFBC}") = "NarrativeTrace.Examples.Library.Tests", "tests\NarrativeTrace.Examples.Library.Tests\NarrativeTrace.Examples.Library.Tests.csproj", "{A7670031-3C9F-4C49-8D48-79D6004862C9}"
EndProject
Project("{2150E333-8FDC-42A3-9474-1A3956D46DE8}") = "fuzz", "fuzz", "{90448AA3-F814-A1CB-DFCE-838EB2907C94}"
EndProject
Project("{FAE04EC0-301F-11D3-BF4B-00C04F79EFBC}") = "NarrativeTrace.Fuzz", "fuzz\NarrativeTrace.Fuzz\NarrativeTrace.Fuzz.csproj", "{A13D510B-A330-42A7-BEA2-1F20815C841B}"
EndProject
Global
	GlobalSection(SolutionConfigurationPlatforms) = preSolution
		Debug|Any CPU = Debug|Any CPU
		Debug|x64 = Debug|x64
		Debug|x86 = Debug|x86
		Release|Any CPU = Release|Any CPU
		Release|x64 = Release|x64
		Release|x86 = Release|x86
	EndGlobalSection
	GlobalSection(ProjectConfigurationPlatforms) = postSolution
		{97762495-372E-4133-BE02-C9F17DBEB57A}.Debug|Any CPU.ActiveCfg = Debug|Any CPU
		{97762495-372E-4133-BE02-C9F17DBEB57A}.Debug|Any CPU.Build.0 = Debug|Any CPU
		{97762495-372E-4133-BE02-C9F17DBEB57A}.Debug|x64.ActiveCfg = Debug|Any CPU
		{97762495-372E-4133-BE02-C9F17DBEB57A}.Debug|x64.Build.0 = Debug|Any CPU
		{97762495-372E-4133-BE02-C9F17DBEB57A}.Debug|x86.ActiveCfg = Debug|Any CPU
		{97762495-372E-4133-BE02-C9F17DBEB57A}.Debug|x86.Build.0 = Debug|Any CPU
		{97762495-372E-4133-BE02-C9F17DBEB57A}.Release|Any CPU.ActiveCfg = Release|Any CPU
		{97762495-372E-4133-BE02-C9F17DBEB57A}.Release|Any CPU.Build.0 = Release|Any CPU
		{97762495-372E-4133-BE02-C9F17DBEB57A}.Release|x64.ActiveCfg = Release|Any CPU
		{97762495-372E-4133-BE02-C9F17DBEB57A}.Release|x64.Build.0 = Release|Any CPU
		{97762495-372E-4133-BE02-C9F17DBEB57A}.Release|x86.ActiveCfg = Release|Any CPU
		{97762495-372E-4133-BE02-C9F17DBEB57A}.Release|x86.Build.0 = Release|Any CPU
		{C207714C-5287-47DB-B7A2-15DAE5E5230A}.Debug|Any CPU.ActiveCfg = Debug|Any CPU
		{C207714C-5287-47DB-B7A2-15DAE5E5230A}.Debug|Any CPU.Build.0 = Debug|Any CPU
		{C207714C-5287-47DB-B7A2-15DAE5E5230A}.Debug|x64.ActiveCfg = Debug|Any CPU
		{C207714C-5287-47DB-B7A2-15DAE5E5230A}.Debug|x64.Build.0 = Debug|Any CPU
		{C207714C-5287-47DB-B7A2-15DAE5E5230A}.Debug|x86.ActiveCfg = Debug|Any CPU
		{C207714C-5287-47DB-B7A2-15DAE5E5230A}.Debug|x86.Build.0 = Debug|Any CPU
		{C207714C-5287-47DB-B7A2-15DAE5E5230A}.Release|Any CPU.ActiveCfg = Release|Any CPU
		{C207714C-5287-47DB-B7A2-15DAE5E5230A}.Release|Any CPU.Build.0 = Release|Any CPU
		{C207714C-5287-47DB-B7A2-15DAE5E5230A}.Release|x64.ActiveCfg = Release|Any CPU
		{C207714C-5287-47DB-B7A2-15DAE5E5230A}.Release|x64.Build.0 = Release|Any CPU
		{C207714C-5287-47DB-B7A2-15DAE5E5230A}.Release|x86.ActiveCfg = Release|Any CPU
		{C207714C-5287-47DB-B7A2-15DAE5E5230A}.Release|x86.Build.0 = Release|Any CPU
		{707F749F-576C-4BC4-8417-FA1C8CC11155}.Debug|Any CPU.ActiveCfg = Debug|Any CPU
		{707F749F-576C-4BC4-8417-FA1C8CC11155}.Debug|Any CPU.Build.0 = Debug|Any CPU
		{707F749F-576C-4BC4-8417-FA1C8CC11155}.Debug|x64.ActiveCfg = Debug|Any CPU
		{707F749F-576C-4BC4-8417-FA1C8CC11155}.Debug|x64.Build.0 = Debug|Any CPU
		{707F749F-576C-4BC4-8417-FA1C8CC11155}.Debug|x86.ActiveCfg = Debug|Any CPU
		{707F749F-576C-4BC4-8417-FA1C8CC11155}.Debug|x86.Build.0 = Debug|Any CPU
		{707F749F-576C-4BC4-8417-FA1C8CC11155}.Release|Any CPU.ActiveCfg = Release|Any CPU
		{707F749F-576C-4BC4-8417-FA1C8CC11155}.Release|Any CPU.Build.0 = Release|Any CPU
		{707F749F-576C-4BC4-8417-FA1C8CC11155}.Release|x64.ActiveCfg = Release|Any CPU
		{707F749F-576C-4BC4-8417-FA1C8CC11155}.Release|x64.Build.0 = Release|Any CPU
		{707F749F-576C-4BC4-8417-FA1C8CC11155}.Release|x86.ActiveCfg = Release|Any CPU
		{707F749F-576C-4BC4-8417-FA1C8CC11155}.Release|x86.Build.0 = Release|Any CPU
		{26F87CDF-EA88-4847-981D-C5591E4D934F}.Debug|Any CPU.ActiveCfg = Debug|Any CPU
		{26F87CDF-EA88-4847-981D-C5591E4D934F}.Debug|Any CPU.Build.0 = Debug|Any CPU
		{26F87CDF-EA88-4847-981D-C5591E4D934F}.Debug|x64.ActiveCfg = Debug|Any CPU
		{26F87CDF-EA88-4847-981D-C5591E4D934F}.Debug|x64.Build.0 = Debug|Any CPU
		{26F87CDF-EA88-4847-981D-C5591E4D934F}.Debug|x86.ActiveCfg = Debug|Any CPU
		{26F87CDF-EA88-4847-981D-C5591E4D934F}.Debug|x86.Build.0 = Debug|Any CPU
		{26F87CDF-EA88-4847-981D-C5591E4D934F}.Release|Any CPU.ActiveCfg = Release|Any CPU
		{26F87CDF-EA88-4847-981D-C5591E4D934F}.Release|Any CPU.Build.0 = Release|Any CPU
		{26F87CDF-EA88-4847-981D-C5591E4D934F}.Release|x64.ActiveCfg = Release|Any CPU
		{26F87CDF-EA88-4847-981D-C5591E4D934F}.Release|x64.Build.0 = Release|Any CPU
		{26F87CDF-EA88-4847-981D-C5591E4D934F}.Release|x86.ActiveCfg = Release|Any CPU
		{26F87CDF-EA88-4847-981D-C5591E4D934F}.Release|x86.Build.0 = Release|Any CPU
		{8C23D64D-B7ED-434A-A9B8-5FBA4C1DF1F7}.Debug|Any CPU.ActiveCfg = Debug|Any CPU
		{8C23D64D-B7ED-434A-A9B8-5FBA4C1DF1F7}.Debug|Any CPU.Build.0 = Debug|Any CPU
		{8C23D64D-B7ED-434A-A9B8-5FBA4C1DF1F7}.Debug|x64.ActiveCfg = Debug|Any CPU
		{8C23D64D-B7ED-434A-A9B8-5FBA4C1DF1F7}.Debug|x64.Build.0 = Debug|Any CPU
		{8C23D64D-B7ED-434A-A9B8-5FBA4C1DF1F7}.Debug|x86.ActiveCfg = Debug|Any CPU
		{8C23D64D-B7ED-434A-A9B8-5FBA4C1DF1F7}.Debug|x86.Build.0 = Debug|Any CPU
		{8C23D64D-B7ED-434A-A9B8-5FBA4C1DF1F7}.Release|Any CPU.ActiveCfg = Release|Any CPU
		{8C23D64D-B7ED-434A-A9B8-5FBA4C1DF1F7}.Release|Any CPU.Build.0 = Release|Any CPU
		{8C23D64D-B7ED-434A-A9B8-5FBA4C1DF1F7}.Release|x64.ActiveCfg = Release|Any CPU
		{8C23D64D-B7ED-434A-A9B8-5FBA4C1DF1F7}.Release|x64.Build.0 = Release|Any CPU
		{8C23D64D-B7ED-434A-A9B8-5FBA4C1DF1F7}.Release|x86.ActiveCfg = Release|Any CPU
		{8C23D64D-B7ED-434A-A9B8-5FBA4C1DF1F7}.Release|x86.Build.0 = Release|Any CPU
		{4FA737F0-9EB1-4927-BECE-31164E5E4489}.Debug|Any CPU.ActiveCfg = Debug|Any CPU
		{4FA737F0-9EB1-4927-BECE-31164E5E4489}.Debug|Any CPU.Build.0 = Debug|Any CPU
		{4FA737F0-9EB1-4927-BECE-31164E5E4489}.Debug|x64.ActiveCfg = Debug|Any CPU
		{4FA737F0-9EB1-4927-BECE-31164E5E4489}.Debug|x64.Build.0 = Debug|Any CPU
		{4FA737F0-9EB1-4927-BECE-31164E5E4489}.Debug|x86.ActiveCfg = Debug|Any CPU
		{4FA737F0-9EB1-4927-BECE-31164E5E4489}.Debug|x86.Build.0 = Debug|Any CPU
		{4FA737F0-9EB1-4927-BECE-31164E5E4489}.Release|Any CPU.ActiveCfg = Release|Any CPU
		{4FA737F0-9EB1-4927-BECE-31164E5E4489}.Release|Any CPU.Build.0 = Release|Any CPU
		{4FA737F0-9EB1-4927-BECE-31164E5E4489}.Release|x64.ActiveCfg = Release|Any CPU
		{4FA737F0-9EB1-4927-BECE-31164E5E4489}.Release|x64.Build.0 = Release|Any CPU
		{4FA737F0-9EB1-4927-BECE-31164E5E4489}.Release|x86.ActiveCfg = Release|Any CPU
		{4FA737F0-9EB1-4927-BECE-31164E5E4489}.Release|x86.Build.0 = Release|Any CPU
		{A11D5BF3-6A13-4E0E-A3B2-BC28EC60C573}.Debug|Any CPU.ActiveCfg = Debug|Any CPU
		{A11D5BF3-6A13-4E0E-A3B2-BC28EC60C573}.Debug|Any CPU.Build.0 = Debug|Any CPU
		{A11D5BF3-6A13-4E0E-A3B2-BC28EC60C573}.Debug|x64.ActiveCfg = Debug|Any CPU
		{A11D5BF3-6A13-4E0E-A3B2-BC28EC60C573}.Debug|x64.Build.0 = Debug|Any CPU
		{A11D5BF3-6A13-4E0E-A3B2-BC28EC60C573}.Debug|x86.ActiveCfg = Debug|Any CPU
		{A11D5BF3-6A13-4E0E-A3B2-BC28EC60C573}.Debug|x86.Build.0 = Debug|Any CPU
		{A11D5BF3-6A13-4E0E-A3B2-BC28EC60C573}.Release|Any CPU.ActiveCfg = Release|Any CPU
		{A11D5BF3-6A13-4E0E-A3B2-BC28EC60C573}.Release|Any CPU.Build.0 = Release|Any CPU
		{A11D5BF3-6A13-4E0E-A3B2-BC28EC60C573}.Release|x64.ActiveCfg = Release|Any CPU
		{A11D5BF3-6A13-4E0E-A3B2-BC28EC60C573}.Release|x64.Build.0 = Release|Any CPU
		{A11D5BF3-6A13-4E0E-A3B2-BC28EC60C573}.Release|x86.ActiveCfg = Release|Any CPU
		{A11D5BF3-6A13-4E0E-A3B2-BC28EC60C573}.Release|x86.Build.0 = Release|Any CPU
		{011DAE98-6338-43C3-8D56-F0B6744A5198}.Debug|Any CPU.ActiveCfg = Debug|Any CPU
		{011DAE98-6338-43C3-8D56-F0B6744A5198}.Debug|Any CPU.Build.0 = Debug|Any CPU
		{011DAE98-6338-43C3-8D56-F0B6744A5198}.Debug|x64.ActiveCfg = Debug|Any CPU
		{011DAE98-6338-43C3-8D56-F0B6744A5198}.Debug|x64.Build.0 = Debug|Any CPU
		{011DAE98-6338-43C3-8D56-F0B6744A5198}.Debug|x86.ActiveCfg = Debug|Any CPU
		{011DAE98-6338-43C3-8D56-F0B6744A5198}.Debug|x86.Build.0 = Debug|Any CPU
		{011DAE98-6338-43C3-8D56-F0B6744A5198}.Release|Any CPU.ActiveCfg = Release|Any CPU
		{011DAE98-6338-43C3-8D56-F0B6744A5198}.Release|Any CPU.Build.0 = Release|Any CPU
		{011DAE98-6338-43C3-8D56-F0B6744A5198}.Release|x64.ActiveCfg = Release|Any CPU
		{011DAE98-6338-43C3-8D56-F0B6744A5198}.Release|x64.Build.0 = Release|Any CPU
		{011DAE98-6338-43C3-8D56-F0B6744A5198}.Release|x86.ActiveCfg = Release|Any CPU
		{011DAE98-6338-43C3-8D56-F0B6744A5198}.Release|x86.Build.0 = Release|Any CPU
		{A1115DCA-5862-497D-BE37-A2CF0996E361}.Debug|Any CPU.ActiveCfg = Debug|Any CPU
		{A1115DCA-5862-497D-BE37-A2CF0996E361}.Debug|Any CPU.Build.0 = Debug|Any CPU
		{A1115DCA-5862-497D-BE37-A2CF0996E361}.Debug|x64.ActiveCfg = Debug|Any CPU
		{A1115DCA-5862-497D-BE37-A2CF0996E361}.Debug|x64.Build.0 = Debug|Any CPU
		{A1115DCA-5862-497D-BE37-A2CF0996E361}.Debug|x86.ActiveCfg = Debug|Any CPU
		{A1115DCA-5862-497D-BE37-A2CF0996E361}.Debug|x86.Build.0 = Debug|Any CPU
		{A1115DCA-5862-497D-BE37-A2CF0996E361}.Release|Any CPU.ActiveCfg = Release|Any CPU
		{A1115DCA-5862-497D-BE37-A2CF0996E361}.Release|Any CPU.Build.0 = Release|Any CPU
		{A1115DCA-5862-497D-BE37-A2CF0996E361}.Release|x64.ActiveCfg = Release|Any CPU
		{A1115DCA-5862-497D-BE37-A2CF0996E361}.Release|x64.Build.0 = Release|Any CPU
		{A1115DCA-5862-497D-BE37-A2CF0996E361}.Release|x86.ActiveCfg = Release|Any CPU
		{A1115DCA-5862-497D-BE37-A2CF0996E361}.Release|x86.Build.0 = Release|Any CPU
		{C845EBDF-9527-4D4F-8FAE-C52B16E4E640}.Debug|Any CPU.ActiveCfg = Debug|Any CPU
		{C845EBDF-9527-4D4F-8FAE-C52B16E4E640}.Debug|Any CPU.Build.0 = Debug|Any CPU
		{C845EBDF-9527-4D4F-8FAE-C52B16E4E640}.Debug|x64.ActiveCfg = Debug|Any CPU
		{C845EBDF-9527-4D4F-8FAE-C52B16E4E640}.Debug|x64.Build.0 = Debug|Any CPU
		{C845EBDF-9527-4D4F-8FAE-C52B16E4E640}.Debug|x86.ActiveCfg = Debug|Any CPU
		{C845EBDF-9527-4D4F-8FAE-C52B16E4E640}.Debug|x86.Build.0 = Debug|Any CPU
		{C845EBDF-9527-4D4F-8FAE-C52B16E4E640}.Release|Any CPU.ActiveCfg = Release|Any CPU
		{C845EBDF-9527-4D4F-8FAE-C52B16E4E640}.Release|Any CPU.Build.0 = Release|Any CPU
		{C845EBDF-9527-4D4F-8FAE-C52B16E4E640}.Release|x64.ActiveCfg = Release|Any CPU
		{C845EBDF-9527-4D4F-8FAE-C52B16E4E640}.Release|x64.Build.0 = Release|Any CPU
		{C845EBDF-9527-4D4F-8FAE-C52B16E4E640}.Release|x86.ActiveCfg = Release|Any CPU
		{C845EBDF-9527-4D4F-8FAE-C52B16E4E640}.Release|x86.Build.0 = Release|Any CPU
		{C6BFB792-6970-46B0-919A-1A6E7E1FAFCC}.Debug|Any CPU.ActiveCfg = Debug|Any CPU
		{C6BFB792-6970-46B0-919A-1A6E7E1FAFCC}.Debug|Any CPU.Build.0 = Debug|Any CPU
		{C6BFB792-6970-46B0-919A-1A6E7E1FAFCC}.Debug|x64.ActiveCfg = Debug|Any CPU
		{C6BFB792-6970-46B0-919A-1A6E7E1FAFCC}.Debug|x64.Build.0 = Debug|Any CPU
		{C6BFB792-6970-46B0-919A-1A6E7E1FAFCC}.Debug|x86.ActiveCfg = Debug|Any CPU
		{C6BFB792-6970-46B0-919A-1A6E7E1FAFCC}.Debug|x86.Build.0 = Debug|Any CPU
		{C6BFB792-6970-46B0-919A-1A6E7E1FAFCC}.Release|Any CPU.ActiveCfg = Release|Any CPU
		{C6BFB792-6970-46B0-919A-1A6E7E1FAFCC}.Release|Any CPU.Build.0 = Release|Any CPU
		{C6BFB792-6970-46B0-919A-1A6E7E1FAFCC}.Release|x64.ActiveCfg = Release|Any CPU
		{C6BFB792-6970-46B0-919A-1A6E7E1FAFCC}.Release|x64.Build.0 = Release|Any CPU
		{C6BFB792-6970-46B0-919A-1A6E7E1FAFCC}.Release|x86.ActiveCfg = Release|Any CPU
		{C6BFB792-6970-46B0-919A-1A6E7E1FAFCC}.Release|x86.Build.0 = Release|Any CPU
		{F5B8C2AA-3405-43E7-80BB-604754B2B71D}.Debug|Any CPU.ActiveCfg = Debug|Any CPU
		{F5B8C2AA-3405-43E7-80BB-604754B2B71D}.Debug|Any CPU.Build.0 = Debug|Any CPU
		{F5B8C2AA-3405-43E7-80BB-604754B2B71D}.Debug|x64.ActiveCfg = Debug|Any CPU
		{F5B8C2AA-3405-43E7-80BB-604754B2B71D}.Debug|x64.Build.0 = Debug|Any CPU
		{F5B8C2AA-3405-43E7-80BB-604754B2B71D}.Debug|x86.ActiveCfg = Debug|Any CPU
		{F5B8C2AA-3405-43E7-80BB-604754B2B71D}.Debug|x86.Build.0 = Debug|Any CPU
		{F5B8C2AA-3405-43E7-80BB-604754B2B71D}.Release|Any CPU.ActiveCfg = Release|Any CPU
		{F5B8C2AA-3405-43E7-80BB-604754B2B71D}.Release|Any CPU.Build.0 = Release|Any CPU
		{F5B8C2AA-3405-43E7-80BB-604754B2B71D}.Release|x64.ActiveCfg = Release|Any CPU
		{F5B8C2AA-3405-43E7-80BB-604754B2B71D}.Release|x64.Build.0 = Release|Any CPU
		{F5B8C2AA-3405-43E7-80BB-604754B2B71D}.Release|x86.ActiveCfg = Release|Any CPU
		{F5B8C2AA-3405-43E7-80BB-604754B2B71D}.Release|x86.Build.0 = Release|Any CPU
		{8AF0665F-8A4B-4450-9039-726A8CF87011}.Debug|Any CPU.ActiveCfg = Debug|Any CPU
		{8AF0665F-8A4B-4450-9039-726A8CF87011}.Debug|Any CPU.Build.0 = Debug|Any CPU
		{8AF0665F-8A4B-4450-9039-726A8CF87011}.Debug|x64.ActiveCfg = Debug|Any CPU
		{8AF0665F-8A4B-4450-9039-726A8CF87011}.Debug|x64.Build.0 = Debug|Any CPU
		{8AF0665F-8A4B-4450-9039-726A8CF87011}.Debug|x86.ActiveCfg = Debug|Any CPU
		{8AF0665F-8A4B-4450-9039-726A8CF87011}.Debug|x86.Build.0 = Debug|Any CPU
		{8AF0665F-8A4B-4450-9039-726A8CF87011}.Release|Any CPU.ActiveCfg = Release|Any CPU
		{8AF0665F-8A4B-4450-9039-726A8CF87011}.Release|Any CPU.Build.0 = Release|Any CPU
		{8AF0665F-8A4B-4450-9039-726A8CF87011}.Release|x64.ActiveCfg = Release|Any CPU
		{8AF0665F-8A4B-4450-9039-726A8CF87011}.Release|x64.Build.0 = Release|Any CPU
		{8AF0665F-8A4B-4450-9039-726A8CF87011}.Release|x86.ActiveCfg = Release|Any CPU
		{8AF0665F-8A4B-4450-9039-726A8CF87011}.Release|x86.Build.0 = Release|Any CPU
		{BA21F2F6-11CE-4D85-AC91-1ED2336F08C5}.Debug|Any CPU.ActiveCfg = Debug|Any CPU
		{BA21F2F6-11CE-4D85-AC91-1ED2336F08C5}.Debug|Any CPU.Build.0 = Debug|Any CPU
		{BA21F2F6-11CE-4D85-AC91-1ED2336F08C5}.Debug|x64.ActiveCfg = Debug|Any CPU
		{BA21F2F6-11CE-4D85-AC91-1ED2336F08C5}.Debug|x64.Build.0 = Debug|Any CPU
		{BA21F2F6-11CE-4D85-AC91-1ED2336F08C5}.Debug|x86.ActiveCfg = Debug|Any CPU
		{BA21F2F6-11CE-4D85-AC91-1ED2336F08C5}.Debug|x86.Build.0 = Debug|Any CPU
		{BA21F2F6-11CE-4D85-AC91-1ED2336F08C5}.Release|Any CPU.ActiveCfg = Release|Any CPU
		{BA21F2F6-11CE-4D85-AC91-1ED2336F08C5}.Release|Any CPU.Build.0 = Release|Any CPU
		{BA21F2F6-11CE-4D85-AC91-1ED2336F08C5}.Release|x64.ActiveCfg = Release|Any CPU
		{BA21F2F6-11CE-4D85-AC91-1ED2336F08C5}.Release|x64.Build.0 = Release|Any CPU
		{BA21F2F6-11CE-4D85-AC91-1ED2336F08C5}.Release|x86.ActiveCfg = Release|Any CPU
		{BA21F2F6-11CE-4D85-AC91-1ED2336F08C5}.Release|x86.Build.0 = Release|Any CPU
		{DB953C2E-2219-4896-B552-FDF9E3663916}.Debug|Any CPU.ActiveCfg = Debug|Any CPU
		{DB953C2E-2219-4896-B552-FDF9E3663916}.Debug|Any CPU.Build.0 = Debug|Any CPU
		{DB953C2E-2219-4896-B552-FDF9E3663916}.Debug|x64.ActiveCfg = Debug|Any CPU
		{DB953C2E-2219-4896-B552-FDF9E3663916}.Debug|x64.Build.0 = Debug|Any CPU
		{DB953C2E-2219-4896-B552-FDF9E3663916}.Debug|x86.ActiveCfg = Debug|Any CPU
		{DB953C2E-2219-4896-B552-FDF9E3663916}.Debug|x86.Build.0 = Debug|Any CPU
		{DB953C2E-2219-4896-B552-FDF9E3663916}.Release|Any CPU.ActiveCfg = Release|Any CPU
		{DB953C2E-2219-4896-B552-FDF9E3663916}.Release|Any CPU.Build.0 = Release|Any CPU
		{DB953C2E-2219-4896-B552-FDF9E3663916}.Release|x64.ActiveCfg = Release|Any CPU
		{DB953C2E-2219-4896-B552-FDF9E3663916}.Release|x64.Build.0 = Release|Any CPU
		{DB953C2E-2219-4896-B552-FDF9E3663916}.Release|x86.ActiveCfg = Release|Any CPU
		{DB953C2E-2219-4896-B552-FDF9E3663916}.Release|x86.Build.0 = Release|Any CPU
		{BE937B91-F504-4F26-AA41-E585CA998739}.Debug|Any CPU.ActiveCfg = Debug|Any CPU
		{BE937B91-F504-4F26-AA41-E585CA998739}.Debug|Any CPU.Build.0 = Debug|Any CPU
		{BE937B91-F504-4F26-AA41-E585CA998739}.Debug|x64.ActiveCfg = Debug|Any CPU
		{BE937B91-F504-4F26-AA41-E585CA998739}.Debug|x64.Build.0 = Debug|Any CPU
		{BE937B91-F504-4F26-AA41-E585CA998739}.Debug|x86.ActiveCfg = Debug|Any CPU
		{BE937B91-F504-4F26-AA41-E585CA998739}.Debug|x86.Build.0 = Debug|Any CPU
		{BE937B91-F504-4F26-AA41-E585CA998739}.Release|Any CPU.ActiveCfg = Release|Any CPU
		{BE937B91-F504-4F26-AA41-E585CA998739}.Release|Any CPU.Build.0 = Release|Any CPU
		{BE937B91-F504-4F26-AA41-E585CA998739}.Release|x64.ActiveCfg = Release|Any CPU
		{BE937B91-F504-4F26-AA41-E585CA998739}.Release|x64.Build.0 = Release|Any CPU
		{BE937B91-F504-4F26-AA41-E585CA998739}.Release|x86.ActiveCfg = Release|Any CPU
		{BE937B91-F504-4F26-AA41-E585CA998739}.Release|x86.Build.0 = Release|Any CPU
		{0DA4D917-85CD-485E-905C-E02B1AED492F}.Debug|Any CPU.ActiveCfg = Debug|Any CPU
		{0DA4D917-85CD-485E-905C-E02B1AED492F}.Debug|Any CPU.Build.0 = Debug|Any CPU
		{0DA4D917-85CD-485E-905C-E02B1AED492F}.Debug|x64.ActiveCfg = Debug|Any CPU
		{0DA4D917-85CD-485E-905C-E02B1AED492F}.Debug|x64.Build.0 = Debug|Any CPU
		{0DA4D917-85CD-485E-905C-E02B1AED492F}.Debug|x86.ActiveCfg = Debug|Any CPU
		{0DA4D917-85CD-485E-905C-E02B1AED492F}.Debug|x86.Build.0 = Debug|Any CPU
		{0DA4D917-85CD-485E-905C-E02B1AED492F}.Release|Any CPU.ActiveCfg = Release|Any CPU
		{0DA4D917-85CD-485E-905C-E02B1AED492F}.Release|Any CPU.Build.0 = Release|Any CPU
		{0DA4D917-85CD-485E-905C-E02B1AED492F}.Release|x64.ActiveCfg = Release|Any CPU
		{0DA4D917-85CD-485E-905C-E02B1AED492F}.Release|x64.Build.0 = Release|Any CPU
		{0DA4D917-85CD-485E-905C-E02B1AED492F}.Release|x86.ActiveCfg = Release|Any CPU
		{0DA4D917-85CD-485E-905C-E02B1AED492F}.Release|x86.Build.0 = Release|Any CPU
		{A7C79FC3-449D-4F05-8ACE-2A7815BF4025}.Debug|Any CPU.ActiveCfg = Debug|Any CPU
		{A7C79FC3-449D-4F05-8ACE-2A7815BF4025}.Debug|Any CPU.Build.0 = Debug|Any CPU
		{A7C79FC3-449D-4F05-8ACE-2A7815BF4025}.Debug|x64.ActiveCfg = Debug|Any CPU
		{A7C79FC3-449D-4F05-8ACE-2A7815BF4025}.Debug|x64.Build.0 = Debug|Any CPU
		{A7C79FC3-449D-4F05-8ACE-2A7815BF4025}.Debug|x86.ActiveCfg = Debug|Any CPU
		{A7C79FC3-449D-4F05-8ACE-2A7815BF4025}.Debug|x86.Build.0 = Debug|Any CPU
		{A7C79FC3-449D-4F05-8ACE-2A7815BF4025}.Release|Any CPU.ActiveCfg = Release|Any CPU
		{A7C79FC3-449D-4F05-8ACE-2A7815BF4025}.Release|Any CPU.Build.0 = Release|Any CPU
		{A7C79FC3-449D-4F05-8ACE-2A7815BF4025}.Release|x64.ActiveCfg = Release|Any CPU
		{A7C79FC3-449D-4F05-8ACE-2A7815BF4025}.Release|x64.Build.0 = Release|Any CPU
		{A7C79FC3-449D-4F05-8ACE-2A7815BF4025}.Release|x86.ActiveCfg = Release|Any CPU
		{A7C79FC3-449D-4F05-8ACE-2A7815BF4025}.Release|x86.Build.0 = Release|Any CPU
		{C6A1F1D1-BA98-435D-AEFC-60DAE925C0CB}.Debug|Any CPU.ActiveCfg = Debug|Any CPU
		{C6A1F1D1-BA98-435D-AEFC-60DAE925C0CB}.Debug|Any CPU.Build.0 = Debug|Any CPU
		{C6A1F1D1-BA98-435D-AEFC-60DAE925C0CB}.Debug|x64.ActiveCfg = Debug|Any CPU
		{C6A1F1D1-BA98-435D-AEFC-60DAE925C0CB}.Debug|x64.Build.0 = Debug|Any CPU
		{C6A1F1D1-BA98-435D-AEFC-60DAE925C0CB}.Debug|x86.ActiveCfg = Debug|Any CPU
		{C6A1F1D1-BA98-435D-AEFC-60DAE925C0CB}.Debug|x86.Build.0 = Debug|Any CPU
		{C6A1F1D1-BA98-435D-AEFC-60DAE925C0CB}.Release|Any CPU.ActiveCfg = Release|Any CPU
		{C6A1F1D1-BA98-435D-AEFC-60DAE925C0CB}.Release|Any CPU.Build.0 = Release|Any CPU
		{C6A1F1D1-BA98-435D-AEFC-60DAE925C0CB}.Release|x64.ActiveCfg = Release|Any CPU
		{C6A1F1D1-BA98-435D-AEFC-60DAE925C0CB}.Release|x64.Build.0 = Release|Any CPU
		{C6A1F1D1-BA98-435D-AEFC-60DAE925C0CB}.Release|x86.ActiveCfg = Release|Any CPU
		{C6A1F1D1-BA98-435D-AEFC-60DAE925C0CB}.Release|x86.Build.0 = Release|Any CPU
		{8B0FBF8C-D007-4612-BB7F-F3EAE0FD3EB8}.Debug|Any CPU.ActiveCfg = Debug|Any CPU
		{8B0FBF8C-D007-4612-BB7F-F3EAE0FD3EB8}.Debug|Any CPU.Build.0 = Debug|Any CPU
		{8B0FBF8C-D007-4612-BB7F-F3EAE0FD3EB8}.Debug|x64.ActiveCfg = Debug|Any CPU
		{8B0FBF8C-D007-4612-BB7F-F3EAE0FD3EB8}.Debug|x64.Build.0 = Debug|Any CPU
		{8B0FBF8C-D007-4612-BB7F-F3EAE0FD3EB8}.Debug|x86.ActiveCfg = Debug|Any CPU
		{8B0FBF8C-D007-4612-BB7F-F3EAE0FD3EB8}.Debug|x86.Build.0 = Debug|Any CPU
		{8B0FBF8C-D007-4612-BB7F-F3EAE0FD3EB8}.Release|Any CPU.ActiveCfg = Release|Any CPU
		{8B0FBF8C-D007-4612-BB7F-F3EAE0FD3EB8}.Release|Any CPU.Build.0 = Release|Any CPU
		{8B0FBF8C-D007-4612-BB7F-F3EAE0FD3EB8}.Release|x64.ActiveCfg = Release|Any CPU
		{8B0FBF8C-D007-4612-BB7F-F3EAE0FD3EB8}.Release|x64.Build.0 = Release|Any CPU
		{8B0FBF8C-D007-4612-BB7F-F3EAE0FD3EB8}.Release|x86.ActiveCfg = Release|Any CPU
		{8B0FBF8C-D007-4612-BB7F-F3EAE0FD3EB8}.Release|x86.Build.0 = Release|Any CPU
		{ECF1118B-EED7-4602-A350-4043E29219B0}.Debug|Any CPU.ActiveCfg = Debug|Any CPU
		{ECF1118B-EED7-4602-A350-4043E29219B0}.Debug|Any CPU.Build.0 = Debug|Any CPU
		{ECF1118B-EED7-4602-A350-4043E29219B0}.Debug|x64.ActiveCfg = Debug|Any CPU
		{ECF1118B-EED7-4602-A350-4043E29219B0}.Debug|x64.Build.0 = Debug|Any CPU
		{ECF1118B-EED7-4602-A350-4043E29219B0}.Debug|x86.ActiveCfg = Debug|Any CPU
		{ECF1118B-EED7-4602-A350-4043E29219B0}.Debug|x86.Build.0 = Debug|Any CPU
		{ECF1118B-EED7-4602-A350-4043E29219B0}.Release|Any CPU.ActiveCfg = Release|Any CPU
		{ECF1118B-EED7-4602-A350-4043E29219B0}.Release|Any CPU.Build.0 = Release|Any CPU
		{ECF1118B-EED7-4602-A350-4043E29219B0}.Release|x64.ActiveCfg = Release|Any CPU
		{ECF1118B-EED7-4602-A350-4043E29219B0}.Release|x64.Build.0 = Release|Any CPU
		{ECF1118B-EED7-4602-A350-4043E29219B0}.Release|x86.ActiveCfg = Release|Any CPU
		{ECF1118B-EED7-4602-A350-4043E29219B0}.Release|x86.Build.0 = Release|Any CPU
		{75DAC07E-C0B7-4F57-A572-1443C02D9577}.Debug|Any CPU.ActiveCfg = Debug|Any CPU
		{75DAC07E-C0B7-4F57-A572-1443C02D9577}.Debug|Any CPU.Build.0 = Debug|Any CPU
		{75DAC07E-C0B7-4F57-A572-1443C02D9577}.Debug|x64.ActiveCfg = Debug|Any CPU
		{75DAC07E-C0B7-4F57-A572-1443C02D9577}.Debug|x64.Build.0 = Debug|Any CPU
		{75DAC07E-C0B7-4F57-A572-1443C02D9577}.Debug|x86.ActiveCfg = Debug|Any CPU
		{75DAC07E-C0B7-4F57-A572-1443C02D9577}.Debug|x86.Build.0 = Debug|Any CPU
		{75DAC07E-C0B7-4F57-A572-1443C02D9577}.Release|Any CPU.ActiveCfg = Release|Any CPU
		{75DAC07E-C0B7-4F57-A572-1443C02D9577}.Release|Any CPU.Build.0 = Release|Any CPU
		{75DAC07E-C0B7-4F57-A572-1443C02D9577}.Release|x64.ActiveCfg = Release|Any CPU
		{75DAC07E-C0B7-4F57-A572-1443C02D9577}.Release|x64.Build.0 = Release|Any CPU
		{75DAC07E-C0B7-4F57-A572-1443C02D9577}.Release|x86.ActiveCfg = Release|Any CPU
		{75DAC07E-C0B7-4F57-A572-1443C02D9577}.Release|x86.Build.0 = Release|Any CPU
		{06C8E1BF-6348-463F-97E8-9AF4D4468148}.Debug|Any CPU.ActiveCfg = Debug|Any CPU
		{06C8E1BF-6348-463F-97E8-9AF4D4468148}.Debug|Any CPU.Build.0 = Debug|Any CPU
		{06C8E1BF-6348-463F-97E8-9AF4D4468148}.Debug|x64.ActiveCfg = Debug|Any CPU
		{06C8E1BF-6348-463F-97E8-9AF4D4468148}.Debug|x64.Build.0 = Debug|Any CPU
		{06C8E1BF-6348-463F-97E8-9AF4D4468148}.Debug|x86.ActiveCfg = Debug|Any CPU
		{06C8E1BF-6348-463F-97E8-9AF4D4468148}.Debug|x86.Build.0 = Debug|Any CPU
		{06C8E1BF-6348-463F-97E8-9AF4D4468148}.Release|Any CPU.ActiveCfg = Release|Any CPU
		{06C8E1BF-6348-463F-97E8-9AF4D4468148}.Release|Any CPU.Build.0 = Release|Any CPU
		{06C8E1BF-6348-463F-97E8-9AF4D4468148}.Release|x64.ActiveCfg = Release|Any CPU
		{06C8E1BF-6348-463F-97E8-9AF4D4468148}.Release|x64.Build.0 = Release|Any CPU
		{06C8E1BF-6348-463F-97E8-9AF4D4468148}.Release|x86.ActiveCfg = Release|Any CPU
		{06C8E1BF-6348-463F-97E8-9AF4D4468148}.Release|x86.Build.0 = Release|Any CPU
		{704106EB-5A18-4EEA-8A27-92541FF7C609}.Debug|Any CPU.ActiveCfg = Debug|Any CPU
		{704106EB-5A18-4EEA-8A27-92541FF7C609}.Debug|Any CPU.Build.0 = Debug|Any CPU
		{704106EB-5A18-4EEA-8A27-92541FF7C609}.Debug|x64.ActiveCfg = Debug|Any CPU
		{704106EB-5A18-4EEA-8A27-92541FF7C609}.Debug|x64.Build.0 = Debug|Any CPU
		{704106EB-5A18-4EEA-8A27-92541FF7C609}.Debug|x86.ActiveCfg = Debug|Any CPU
		{704106EB-5A18-4EEA-8A27-92541FF7C609}.Debug|x86.Build.0 = Debug|Any CPU
		{704106EB-5A18-4EEA-8A27-92541FF7C609}.Release|Any CPU.ActiveCfg = Release|Any CPU
		{704106EB-5A18-4EEA-8A27-92541FF7C609}.Release|Any CPU.Build.0 = Release|Any CPU
		{704106EB-5A18-4EEA-8A27-92541FF7C609}.Release|x64.ActiveCfg = Release|Any CPU
		{704106EB-5A18-4EEA-8A27-92541FF7C609}.Release|x64.Build.0 = Release|Any CPU
		{704106EB-5A18-4EEA-8A27-92541FF7C609}.Release|x86.ActiveCfg = Release|Any CPU
		{704106EB-5A18-4EEA-8A27-92541FF7C609}.Release|x86.Build.0 = Release|Any CPU
		{E2080179-296D-44C2-A045-878B554FD16F}.Debug|Any CPU.ActiveCfg = Debug|Any CPU
		{E2080179-296D-44C2-A045-878B554FD16F}.Debug|Any CPU.Build.0 = Debug|Any CPU
		{E2080179-296D-44C2-A045-878B554FD16F}.Debug|x64.ActiveCfg = Debug|Any CPU
		{E2080179-296D-44C2-A045-878B554FD16F}.Debug|x64.Build.0 = Debug|Any CPU
		{E2080179-296D-44C2-A045-878B554FD16F}.Debug|x86.ActiveCfg = Debug|Any CPU
		{E2080179-296D-44C2-A045-878B554FD16F}.Debug|x86.Build.0 = Debug|Any CPU
		{E2080179-296D-44C2-A045-878B554FD16F}.Release|Any CPU.ActiveCfg = Release|Any CPU
		{E2080179-296D-44C2-A045-878B554FD16F}.Release|Any CPU.Build.0 = Release|Any CPU
		{E2080179-296D-44C2-A045-878B554FD16F}.Release|x64.ActiveCfg = Release|Any CPU
		{E2080179-296D-44C2-A045-878B554FD16F}.Release|x64.Build.0 = Release|Any CPU
		{E2080179-296D-44C2-A045-878B554FD16F}.Release|x86.ActiveCfg = Release|Any CPU
		{E2080179-296D-44C2-A045-878B554FD16F}.Release|x86.Build.0 = Release|Any CPU
		{8BCAB53E-84AB-4CDB-A810-4EF8B1CF4FEF}.Debug|Any CPU.ActiveCfg = Debug|Any CPU
		{8BCAB53E-84AB-4CDB-A810-4EF8B1CF4FEF}.Debug|Any CPU.Build.0 = Debug|Any CPU
		{8BCAB53E-84AB-4CDB-A810-4EF8B1CF4FEF}.Debug|x64.ActiveCfg = Debug|Any CPU
		{8BCAB53E-84AB-4CDB-A810-4EF8B1CF4FEF}.Debug|x64.Build.0 = Debug|Any CPU
		{8BCAB53E-84AB-4CDB-A810-4EF8B1CF4FEF}.Debug|x86.ActiveCfg = Debug|Any CPU
		{8BCAB53E-84AB-4CDB-A810-4EF8B1CF4FEF}.Debug|x86.Build.0 = Debug|Any CPU
		{8BCAB53E-84AB-4CDB-A810-4EF8B1CF4FEF}.Release|Any CPU.ActiveCfg = Release|Any CPU
		{8BCAB53E-84AB-4CDB-A810-4EF8B1CF4FEF}.Release|Any CPU.Build.0 = Release|Any CPU
		{8BCAB53E-84AB-4CDB-A810-4EF8B1CF4FEF}.Release|x64.ActiveCfg = Release|Any CPU
		{8BCAB53E-84AB-4CDB-A810-4EF8B1CF4FEF}.Release|x64.Build.0 = Release|Any CPU
		{8BCAB53E-84AB-4CDB-A810-4EF8B1CF4FEF}.Release|x86.ActiveCfg = Release|Any CPU
		{8BCAB53E-84AB-4CDB-A810-4EF8B1CF4FEF}.Release|x86.Build.0 = Release|Any CPU
		{6D9DFCE7-B1F6-4242-BDBD-BABC319F6717}.Debug|Any CPU.ActiveCfg = Debug|Any CPU
		{6D9DFCE7-B1F6-4242-BDBD-BABC319F6717}.Debug|Any CPU.Build.0 = Debug|Any CPU
		{6D9DFCE7-B1F6-4242-BDBD-BABC319F6717}.Debug|x64.ActiveCfg = Debug|Any CPU
		{6D9DFCE7-B1F6-4242-BDBD-BABC319F6717}.Debug|x64.Build.0 = Debug|Any CPU
		{6D9DFCE7-B1F6-4242-BDBD-BABC319F6717}.Debug|x86.ActiveCfg = Debug|Any CPU
		{6D9DFCE7-B1F6-4242-BDBD-BABC319F6717}.Debug|x86.Build.0 = Debug|Any CPU
		{6D9DFCE7-B1F6-4242-BDBD-BABC319F6717}.Release|Any CPU.ActiveCfg = Release|Any CPU
		{6D9DFCE7-B1F6-4242-BDBD-BABC319F6717}.Release|Any CPU.Build.0 = Release|Any CPU
		{6D9DFCE7-B1F6-4242-BDBD-BABC319F6717}.Release|x64.ActiveCfg = Release|Any CPU
		{6D9DFCE7-B1F6-4242-BDBD-BABC319F6717}.Release|x64.Build.0 = Release|Any CPU
		{6D9DFCE7-B1F6-4242-BDBD-BABC319F6717}.Release|x86.ActiveCfg = Release|Any CPU
		{6D9DFCE7-B1F6-4242-BDBD-BABC319F6717}.Release|x86.Build.0 = Release|Any CPU
		{AA0CB193-2EFA-4DB4-A5D9-7407EC575FF1}.Debug|Any CPU.ActiveCfg = Debug|Any CPU
		{AA0CB193-2EFA-4DB4-A5D9-7407EC575FF1}.Debug|Any CPU.Build.0 = Debug|Any CPU
		{AA0CB193-2EFA-4DB4-A5D9-7407EC575FF1}.Debug|x64.ActiveCfg = Debug|Any CPU
		{AA0CB193-2EFA-4DB4-A5D9-7407EC575FF1}.Debug|x64.Build.0 = Debug|Any CPU
		{AA0CB193-2EFA-4DB4-A5D9-7407EC575FF1}.Debug|x86.ActiveCfg = Debug|Any CPU
		{AA0CB193-2EFA-4DB4-A5D9-7407EC575FF1}.Debug|x86.Build.0 = Debug|Any CPU
		{AA0CB193-2EFA-4DB4-A5D9-7407EC575FF1}.Release|Any CPU.ActiveCfg = Release|Any CPU
		{AA0CB193-2EFA-4DB4-A5D9-7407EC575FF1}.Release|Any CPU.Build.0 = Release|Any CPU
		{AA0CB193-2EFA-4DB4-A5D9-7407EC575FF1}.Release|x64.ActiveCfg = Release|Any CPU
		{AA0CB193-2EFA-4DB4-A5D9-7407EC575FF1}.Release|x64.Build.0 = Release|Any CPU
		{AA0CB193-2EFA-4DB4-A5D9-7407EC575FF1}.Release|x86.ActiveCfg = Release|Any CPU
		{AA0CB193-2EFA-4DB4-A5D9-7407EC575FF1}.Release|x86.Build.0 = Release|Any CPU
		{C410F6E0-153A-4540-B6A9-BF39641522EB}.Debug|Any CPU.ActiveCfg = Debug|Any CPU
		{C410F6E0-153A-4540-B6A9-BF39641522EB}.Debug|Any CPU.Build.0 = Debug|Any CPU
		{C410F6E0-153A-4540-B6A9-BF39641522EB}.Debug|x64.ActiveCfg = Debug|Any CPU
		{C410F6E0-153A-4540-B6A9-BF39641522EB}.Debug|x64.Build.0 = Debug|Any CPU
		{C410F6E0-153A-4540-B6A9-BF39641522EB}.Debug|x86.ActiveCfg = Debug|Any CPU
		{C410F6E0-153A-4540-B6A9-BF39641522EB}.Debug|x86.Build.0 = Debug|Any CPU
		{C410F6E0-153A-4540-B6A9-BF39641522EB}.Release|Any CPU.ActiveCfg = Release|Any CPU
		{C410F6E0-153A-4540-B6A9-BF39641522EB}.Release|Any CPU.Build.0 = Release|Any CPU
		{C410F6E0-153A-4540-B6A9-BF39641522EB}.Release|x64.ActiveCfg = Release|Any CPU
		{C410F6E0-153A-4540-B6A9-BF39641522EB}.Release|x64.Build.0 = Release|Any CPU
		{C410F6E0-153A-4540-B6A9-BF39641522EB}.Release|x86.ActiveCfg = Release|Any CPU
		{C410F6E0-153A-4540-B6A9-BF39641522EB}.Release|x86.Build.0 = Release|Any CPU
		{CFA65F2C-0FDC-4A92-9C78-EDC7D980B4AC}.Debug|Any CPU.ActiveCfg = Debug|Any CPU
		{CFA65F2C-0FDC-4A92-9C78-EDC7D980B4AC}.Debug|Any CPU.Build.0 = Debug|Any CPU
		{CFA65F2C-0FDC-4A92-9C78-EDC7D980B4AC}.Debug|x64.ActiveCfg = Debug|Any CPU
		{CFA65F2C-0FDC-4A92-9C78-EDC7D980B4AC}.Debug|x64.Build.0 = Debug|Any CPU
		{CFA65F2C-0FDC-4A92-9C78-EDC7D980B4AC}.Debug|x86.ActiveCfg = Debug|Any CPU
		{CFA65F2C-0FDC-4A92-9C78-EDC7D980B4AC}.Debug|x86.Build.0 = Debug|Any CPU
		{CFA65F2C-0FDC-4A92-9C78-EDC7D980B4AC}.Release|Any CPU.ActiveCfg = Release|Any CPU
		{CFA65F2C-0FDC-4A92-9C78-EDC7D980B4AC}.Release|Any CPU.Build.0 = Release|Any CPU
		{CFA65F2C-0FDC-4A92-9C78-EDC7D980B4AC}.Release|x64.ActiveCfg = Release|Any CPU
		{CFA65F2C-0FDC-4A92-9C78-EDC7D980B4AC}.Release|x64.Build.0 = Release|Any CPU
		{CFA65F2C-0FDC-4A92-9C78-EDC7D980B4AC}.Release|x86.ActiveCfg = Release|Any CPU
		{CFA65F2C-0FDC-4A92-9C78-EDC7D980B4AC}.Release|x86.Build.0 = Release|Any CPU
		{C342E87B-37C4-4AC8-ADC4-75357E32F9F0}.Debug|Any CPU.ActiveCfg = Debug|Any CPU
		{C342E87B-37C4-4AC8-ADC4-75357E32F9F0}.Debug|Any CPU.Build.0 = Debug|Any CPU
		{C342E87B-37C4-4AC8-ADC4-75357E32F9F0}.Debug|x64.ActiveCfg = Debug|Any CPU
		{C342E87B-37C4-4AC8-ADC4-75357E32F9F0}.Debug|x64.Build.0 = Debug|Any CPU
		{C342E87B-37C4-4AC8-ADC4-75357E32F9F0}.Debug|x86.ActiveCfg = Debug|Any CPU
		{C342E87B-37C4-4AC8-ADC4-75357E32F9F0}.Debug|x86.Build.0 = Debug|Any CPU
		{C342E87B-37C4-4AC8-ADC4-75357E32F9F0}.Release|Any CPU.ActiveCfg = Release|Any CPU
		{C342E87B-37C4-4AC8-ADC4-75357E32F9F0}.Release|Any CPU.Build.0 = Release|Any CPU
		{C342E87B-37C4-4AC8-ADC4-75357E32F9F0}.Release|x64.ActiveCfg = Release|Any CPU
		{C342E87B-37C4-4AC8-ADC4-75357E32F9F0}.Release|x64.Build.0 = Release|Any CPU
		{C342E87B-37C4-4AC8-ADC4-75357E32F9F0}.Release|x86.ActiveCfg = Release|Any CPU
		{C342E87B-37C4-4AC8-ADC4-75357E32F9F0}.Release|x86.Build.0 = Release|Any CPU
		{C037908B-7830-4823-9410-5DAAE266CD62}.Debug|Any CPU.ActiveCfg = Debug|Any CPU
		{C037908B-7830-4823-9410-5DAAE266CD62}.Debug|Any CPU.Build.0 = Debug|Any CPU
		{C037908B-7830-4823-9410-5DAAE266CD62}.Debug|x64.ActiveCfg = Debug|Any CPU
		{C037908B-7830-4823-9410-5DAAE266CD62}.Debug|x64.Build.0 = Debug|Any CPU
		{C037908B-7830-4823-9410-5DAAE266CD62}.Debug|x86.ActiveCfg = Debug|Any CPU
		{C037908B-7830-4823-9410-5DAAE266CD62}.Debug|x86.Build.0 = Debug|Any CPU
		{C037908B-7830-4823-9410-5DAAE266CD62}.Release|Any CPU.ActiveCfg = Release|Any CPU
		{C037908B-7830-4823-9410-5DAAE266CD62}.Release|Any CPU.Build.0 = Release|Any CPU
		{C037908B-7830-4823-9410-5DAAE266CD62}.Release|x64.ActiveCfg = Release|Any CPU
		{C037908B-7830-4823-9410-5DAAE266CD62}.Release|x64.Build.0 = Release|Any CPU
		{C037908B-7830-4823-9410-5DAAE266CD62}.Release|x86.ActiveCfg = Release|Any CPU
		{C037908B-7830-4823-9410-5DAAE266CD62}.Release|x86.Build.0 = Release|Any CPU
		{EDA2D464-2040-4160-B1B8-7DB224EE7347}.Debug|Any CPU.ActiveCfg = Debug|Any CPU
		{EDA2D464-2040-4160-B1B8-7DB224EE7347}.Debug|Any CPU.Build.0 = Debug|Any CPU
		{EDA2D464-2040-4160-B1B8-7DB224EE7347}.Debug|x64.ActiveCfg = Debug|Any CPU
		{EDA2D464-2040-4160-B1B8-7DB224EE7347}.Debug|x64.Build.0 = Debug|Any CPU
		{EDA2D464-2040-4160-B1B8-7DB224EE7347}.Debug|x86.ActiveCfg = Debug|Any CPU
		{EDA2D464-2040-4160-B1B8-7DB224EE7347}.Debug|x86.Build.0 = Debug|Any CPU
		{EDA2D464-2040-4160-B1B8-7DB224EE7347}.Release|Any CPU.ActiveCfg = Release|Any CPU
		{EDA2D464-2040-4160-B1B8-7DB224EE7347}.Release|Any CPU.Build.0 = Release|Any CPU
		{EDA2D464-2040-4160-B1B8-7DB224EE7347}.Release|x64.ActiveCfg = Release|Any CPU
		{EDA2D464-2040-4160-B1B8-7DB224EE7347}.Release|x64.Build.0 = Release|Any CPU
		{EDA2D464-2040-4160-B1B8-7DB224EE7347}.Release|x86.ActiveCfg = Release|Any CPU
		{EDA2D464-2040-4160-B1B8-7DB224EE7347}.Release|x86.Build.0 = Release|Any CPU
		{E7D61684-E918-4142-8FD4-FB6FF442A553}.Debug|Any CPU.ActiveCfg = Debug|Any CPU
		{E7D61684-E918-4142-8FD4-FB6FF442A553}.Debug|Any CPU.Build.0 = Debug|Any CPU
		{E7D61684-E918-4142-8FD4-FB6FF442A553}.Debug|x64.ActiveCfg = Debug|Any CPU
		{E7D61684-E918-4142-8FD4-FB6FF442A553}.Debug|x64.Build.0 = Debug|Any CPU
		{E7D61684-E918-4142-8FD4-FB6FF442A553}.Debug|x86.ActiveCfg = Debug|Any CPU
		{E7D61684-E918-4142-8FD4-FB6FF442A553}.Debug|x86.Build.0 = Debug|Any CPU
		{E7D61684-E918-4142-8FD4-FB6FF442A553}.Release|Any CPU.ActiveCfg = Release|Any CPU
		{E7D61684-E918-4142-8FD4-FB6FF442A553}.Release|Any CPU.Build.0 = Release|Any CPU
		{E7D61684-E918-4142-8FD4-FB6FF442A553}.Release|x64.ActiveCfg = Release|Any CPU
		{E7D61684-E918-4142-8FD4-FB6FF442A553}.Release|x64.Build.0 = Release|Any CPU
		{E7D61684-E918-4142-8FD4-FB6FF442A553}.Release|x86.ActiveCfg = Release|Any CPU
		{E7D61684-E918-4142-8FD4-FB6FF442A553}.Release|x86.Build.0 = Release|Any CPU
		{D8A07F86-B433-4906-9867-758BDED0747F}.Debug|Any CPU.ActiveCfg = Debug|Any CPU
		{D8A07F86-B433-4906-9867-758BDED0747F}.Debug|Any CPU.Build.0 = Debug|Any CPU
		{D8A07F86-B433-4906-9867-758BDED0747F}.Debug|x64.ActiveCfg = Debug|Any CPU
		{D8A07F86-B433-4906-9867-758BDED0747F}.Debug|x64.Build.0 = Debug|Any CPU
		{D8A07F86-B433-4906-9867-758BDED0747F}.Debug|x86.ActiveCfg = Debug|Any CPU
		{D8A07F86-B433-4906-9867-758BDED0747F}.Debug|x86.Build.0 = Debug|Any CPU
		{D8A07F86-B433-4906-9867-758BDED0747F}.Release|Any CPU.ActiveCfg = Release|Any CPU
		{D8A07F86-B433-4906-9867-758BDED0747F}.Release|Any CPU.Build.0 = Release|Any CPU
		{D8A07F86-B433-4906-9867-758BDED0747F}.Release|x64.ActiveCfg = Release|Any CPU
		{D8A07F86-B433-4906-9867-758BDED0747F}.Release|x64.Build.0 = Release|Any CPU
		{D8A07F86-B433-4906-9867-758BDED0747F}.Release|x86.ActiveCfg = Release|Any CPU
		{D8A07F86-B433-4906-9867-758BDED0747F}.Release|x86.Build.0 = Release|Any CPU
		{51B68B71-0364-4459-842F-CE9647E61EBB}.Debug|Any CPU.ActiveCfg = Debug|Any CPU
		{51B68B71-0364-4459-842F-CE9647E61EBB}.Debug|Any CPU.Build.0 = Debug|Any CPU
		{51B68B71-0364-4459-842F-CE9647E61EBB}.Debug|x64.ActiveCfg = Debug|Any CPU
		{51B68B71-0364-4459-842F-CE9647E61EBB}.Debug|x64.Build.0 = Debug|Any CPU
		{51B68B71-0364-4459-842F-CE9647E61EBB}.Debug|x86.ActiveCfg = Debug|Any CPU
		{51B68B71-0364-4459-842F-CE9647E61EBB}.Debug|x86.Build.0 = Debug|Any CPU
		{51B68B71-0364-4459-842F-CE9647E61EBB}.Release|Any CPU.ActiveCfg = Release|Any CPU
		{51B68B71-0364-4459-842F-CE9647E61EBB}.Release|Any CPU.Build.0 = Release|Any CPU
		{51B68B71-0364-4459-842F-CE9647E61EBB}.Release|x64.ActiveCfg = Release|Any CPU
		{51B68B71-0364-4459-842F-CE9647E61EBB}.Release|x64.Build.0 = Release|Any CPU
		{51B68B71-0364-4459-842F-CE9647E61EBB}.Release|x86.ActiveCfg = Release|Any CPU
		{51B68B71-0364-4459-842F-CE9647E61EBB}.Release|x86.Build.0 = Release|Any CPU
		{93887FFA-CB8F-4D88-8106-5F5F97579083}.Debug|Any CPU.ActiveCfg = Debug|Any CPU
		{93887FFA-CB8F-4D88-8106-5F5F97579083}.Debug|Any CPU.Build.0 = Debug|Any CPU
		{93887FFA-CB8F-4D88-8106-5F5F97579083}.Debug|x64.ActiveCfg = Debug|Any CPU
		{93887FFA-CB8F-4D88-8106-5F5F97579083}.Debug|x64.Build.0 = Debug|Any CPU
		{93887FFA-CB8F-4D88-8106-5F5F97579083}.Debug|x86.ActiveCfg = Debug|Any CPU
		{93887FFA-CB8F-4D88-8106-5F5F97579083}.Debug|x86.Build.0 = Debug|Any CPU
		{93887FFA-CB8F-4D88-8106-5F5F97579083}.Release|Any CPU.ActiveCfg = Release|Any CPU
		{93887FFA-CB8F-4D88-8106-5F5F97579083}.Release|Any CPU.Build.0 = Release|Any CPU
		{93887FFA-CB8F-4D88-8106-5F5F97579083}.Release|x64.ActiveCfg = Release|Any CPU
		{93887FFA-CB8F-4D88-8106-5F5F97579083}.Release|x64.Build.0 = Release|Any CPU
		{93887FFA-CB8F-4D88-8106-5F5F97579083}.Release|x86.ActiveCfg = Release|Any CPU
		{93887FFA-CB8F-4D88-8106-5F5F97579083}.Release|x86.Build.0 = Release|Any CPU
		{03195D13-29DF-4372-8A61-70DE1D18AA83}.Debug|Any CPU.ActiveCfg = Debug|Any CPU
		{03195D13-29DF-4372-8A61-70DE1D18AA83}.Debug|Any CPU.Build.0 = Debug|Any CPU
		{03195D13-29DF-4372-8A61-70DE1D18AA83}.Debug|x64.ActiveCfg = Debug|Any CPU
		{03195D13-29DF-4372-8A61-70DE1D18AA83}.Debug|x64.Build.0 = Debug|Any CPU
		{03195D13-29DF-4372-8A61-70DE1D18AA83}.Debug|x86.ActiveCfg = Debug|Any CPU
		{03195D13-29DF-4372-8A61-70DE1D18AA83}.Debug|x86.Build.0 = Debug|Any CPU
		{03195D13-29DF-4372-8A61-70DE1D18AA83}.Release|Any CPU.ActiveCfg = Release|Any CPU
		{03195D13-29DF-4372-8A61-70DE1D18AA83}.Release|Any CPU.Build.0 = Release|Any CPU
		{03195D13-29DF-4372-8A61-70DE1D18AA83}.Release|x64.ActiveCfg = Release|Any CPU
		{03195D13-29DF-4372-8A61-70DE1D18AA83}.Release|x64.Build.0 = Release|Any CPU
		{03195D13-29DF-4372-8A61-70DE1D18AA83}.Release|x86.ActiveCfg = Release|Any CPU
		{03195D13-29DF-4372-8A61-70DE1D18AA83}.Release|x86.Build.0 = Release|Any CPU
		{A812B150-50B1-4902-A470-DA265F93B4A3}.Debug|Any CPU.ActiveCfg = Debug|Any CPU
		{A812B150-50B1-4902-A470-DA265F93B4A3}.Debug|Any CPU.Build.0 = Debug|Any CPU
		{A812B150-50B1-4902-A470-DA265F93B4A3}.Debug|x64.ActiveCfg = Debug|Any CPU
		{A812B150-50B1-4902-A470-DA265F93B4A3}.Debug|x64.Build.0 = Debug|Any CPU
		{A812B150-50B1-4902-A470-DA265F93B4A3}.Debug|x86.ActiveCfg = Debug|Any CPU
		{A812B150-50B1-4902-A470-DA265F93B4A3}.Debug|x86.Build.0 = Debug|Any CPU
		{A812B150-50B1-4902-A470-DA265F93B4A3}.Release|Any CPU.ActiveCfg = Release|Any CPU
		{A812B150-50B1-4902-A470-DA265F93B4A3}.Release|Any CPU.Build.0 = Release|Any CPU
		{A812B150-50B1-4902-A470-DA265F93B4A3}.Release|x64.ActiveCfg = Release|Any CPU
		{A812B150-50B1-4902-A470-DA265F93B4A3}.Release|x64.Build.0 = Release|Any CPU
		{A812B150-50B1-4902-A470-DA265F93B4A3}.Release|x86.ActiveCfg = Release|Any CPU
		{A812B150-50B1-4902-A470-DA265F93B4A3}.Release|x86.Build.0 = Release|Any CPU
		{AA817333-4AF1-4BE4-9F50-65F27FD47C7D}.Debug|Any CPU.ActiveCfg = Debug|Any CPU
		{AA817333-4AF1-4BE4-9F50-65F27FD47C7D}.Debug|Any CPU.Build.0 = Debug|Any CPU
		{AA817333-4AF1-4BE4-9F50-65F27FD47C7D}.Debug|x64.ActiveCfg = Debug|Any CPU
		{AA817333-4AF1-4BE4-9F50-65F27FD47C7D}.Debug|x64.Build.0 = Debug|Any CPU
		{AA817333-4AF1-4BE4-9F50-65F27FD47C7D}.Debug|x86.ActiveCfg = Debug|Any CPU
		{AA817333-4AF1-4BE4-9F50-65F27FD47C7D}.Debug|x86.Build.0 = Debug|Any CPU
		{AA817333-4AF1-4BE4-9F50-65F27FD47C7D}.Release|Any CPU.ActiveCfg = Release|Any CPU
		{AA817333-4AF1-4BE4-9F50-65F27FD47C7D}.Release|Any CPU.Build.0 = Release|Any CPU
		{AA817333-4AF1-4BE4-9F50-65F27FD47C7D}.Release|x64.ActiveCfg = Release|Any CPU
		{AA817333-4AF1-4BE4-9F50-65F27FD47C7D}.Release|x64.Build.0 = Release|Any CPU
		{AA817333-4AF1-4BE4-9F50-65F27FD47C7D}.Release|x86.ActiveCfg = Release|Any CPU
		{AA817333-4AF1-4BE4-9F50-65F27FD47C7D}.Release|x86.Build.0 = Release|Any CPU
		{EA9E5338-B851-424D-B533-7C5901A4BB3C}.Debug|Any CPU.ActiveCfg = Debug|Any CPU
		{EA9E5338-B851-424D-B533-7C5901A4BB3C}.Debug|Any CPU.Build.0 = Debug|Any CPU
		{EA9E5338-B851-424D-B533-7C5901A4BB3C}.Debug|x64.ActiveCfg = Debug|Any CPU
		{EA9E5338-B851-424D-B533-7C5901A4BB3C}.Debug|x64.Build.0 = Debug|Any CPU
		{EA9E5338-B851-424D-B533-7C5901A4BB3C}.Debug|x86.ActiveCfg = Debug|Any CPU
		{EA9E5338-B851-424D-B533-7C5901A4BB3C}.Debug|x86.Build.0 = Debug|Any CPU
		{EA9E5338-B851-424D-B533-7C5901A4BB3C}.Release|Any CPU.ActiveCfg = Release|Any CPU
		{EA9E5338-B851-424D-B533-7C5901A4BB3C}.Release|Any CPU.Build.0 = Release|Any CPU
		{EA9E5338-B851-424D-B533-7C5901A4BB3C}.Release|x64.ActiveCfg = Release|Any CPU
		{EA9E5338-B851-424D-B533-7C5901A4BB3C}.Release|x64.Build.0 = Release|Any CPU
		{EA9E5338-B851-424D-B533-7C5901A4BB3C}.Release|x86.ActiveCfg = Release|Any CPU
		{EA9E5338-B851-424D-B533-7C5901A4BB3C}.Release|x86.Build.0 = Release|Any CPU
		{36C98FE6-6D37-4384-886E-A16B01D23D39}.Debug|Any CPU.ActiveCfg = Debug|Any CPU
		{36C98FE6-6D37-4384-886E-A16B01D23D39}.Debug|Any CPU.Build.0 = Debug|Any CPU
		{36C98FE6-6D37-4384-886E-A16B01D23D39}.Debug|x64.ActiveCfg = Debug|Any CPU
		{36C98FE6-6D37-4384-886E-A16B01D23D39}.Debug|x64.Build.0 = Debug|Any CPU
		{36C98FE6-6D37-4384-886E-A16B01D23D39}.Debug|x86.ActiveCfg = Debug|Any CPU
		{36C98FE6-6D37-4384-886E-A16B01D23D39}.Debug|x86.Build.0 = Debug|Any CPU
		{36C98FE6-6D37-4384-886E-A16B01D23D39}.Release|Any CPU.ActiveCfg = Release|Any CPU
		{36C98FE6-6D37-4384-886E-A16B01D23D39}.Release|Any CPU.Build.0 = Release|Any CPU
		{36C98FE6-6D37-4384-886E-A16B01D23D39}.Release|x64.ActiveCfg = Release|Any CPU
		{36C98FE6-6D37-4384-886E-A16B01D23D39}.Release|x64.Build.0 = Release|Any CPU
		{36C98FE6-6D37-4384-886E-A16B01D23D39}.Release|x86.ActiveCfg = Release|Any CPU
		{36C98FE6-6D37-4384-886E-A16B01D23D39}.Release|x86.Build.0 = Release|Any CPU
		{A7670031-3C9F-4C49-8D48-79D6004862C9}.Debug|Any CPU.ActiveCfg = Debug|Any CPU
		{A7670031-3C9F-4C49-8D48-79D6004862C9}.Debug|Any CPU.Build.0 = Debug|Any CPU
		{A7670031-3C9F-4C49-8D48-79D6004862C9}.Debug|x64.ActiveCfg = Debug|Any CPU
		{A7670031-3C9F-4C49-8D48-79D6004862C9}.Debug|x64.Build.0 = Debug|Any CPU
		{A7670031-3C9F-4C49-8D48-79D6004862C9}.Debug|x86.ActiveCfg = Debug|Any CPU
		{A7670031-3C9F-4C49-8D48-79D6004862C9}.Debug|x86.Build.0 = Debug|Any CPU
		{A7670031-3C9F-4C49-8D48-79D6004862C9}.Release|Any CPU.ActiveCfg = Release|Any CPU
		{A7670031-3C9F-4C49-8D48-79D6004862C9}.Release|Any CPU.Build.0 = Release|Any CPU
		{A7670031-3C9F-4C49-8D48-79D6004862C9}.Release|x64.ActiveCfg = Release|Any CPU
		{A7670031-3C9F-4C49-8D48-79D6004862C9}.Release|x64.Build.0 = Release|Any CPU
		{A7670031-3C9F-4C49-8D48-79D6004862C9}.Release|x86.ActiveCfg = Release|Any CPU
		{A7670031-3C9F-4C49-8D48-79D6004862C9}.Release|x86.Build.0 = Release|Any CPU
		{A13D510B-A330-42A7-BEA2-1F20815C841B}.Debug|Any CPU.ActiveCfg = Debug|Any CPU
		{A13D510B-A330-42A7-BEA2-1F20815C841B}.Debug|Any CPU.Build.0 = Debug|Any CPU
		{A13D510B-A330-42A7-BEA2-1F20815C841B}.Debug|x64.ActiveCfg = Debug|Any CPU
		{A13D510B-A330-42A7-BEA2-1F20815C841B}.Debug|x64.Build.0 = Debug|Any CPU
		{A13D510B-A330-42A7-BEA2-1F20815C841B}.Debug|x86.ActiveCfg = Debug|Any CPU
		{A13D510B-A330-42A7-BEA2-1F20815C841B}.Debug|x86.Build.0 = Debug|Any CPU
		{A13D510B-A330-42A7-BEA2-1F20815C841B}.Release|Any CPU.ActiveCfg = Release|Any CPU
		{A13D510B-A330-42A7-BEA2-1F20815C841B}.Release|Any CPU.Build.0 = Release|Any CPU
		{A13D510B-A330-42A7-BEA2-1F20815C841B}.Release|x64.ActiveCfg = Release|Any CPU
		{A13D510B-A330-42A7-BEA2-1F20815C841B}.Release|x64.Build.0 = Release|Any CPU
		{A13D510B-A330-42A7-BEA2-1F20815C841B}.Release|x86.ActiveCfg = Release|Any CPU
		{A13D510B-A330-42A7-BEA2-1F20815C841B}.Release|x86.Build.0 = Release|Any CPU
	EndGlobalSection
	GlobalSection(SolutionProperties) = preSolution
		HideSolutionNode = FALSE
	EndGlobalSection
	GlobalSection(NestedProjects) = preSolution
		{97762495-372E-4133-BE02-C9F17DBEB57A} = {972477A4-1E70-4F06-96A8-13F0A485D077}
		{C207714C-5287-47DB-B7A2-15DAE5E5230A} = {972477A4-1E70-4F06-96A8-13F0A485D077}
		{707F749F-576C-4BC4-8417-FA1C8CC11155} = {972477A4-1E70-4F06-96A8-13F0A485D077}
		{26F87CDF-EA88-4847-981D-C5591E4D934F} = {972477A4-1E70-4F06-96A8-13F0A485D077}
		{8C23D64D-B7ED-434A-A9B8-5FBA4C1DF1F7} = {972477A4-1E70-4F06-96A8-13F0A485D077}
		{4FA737F0-9EB1-4927-BECE-31164E5E4489} = {972477A4-1E70-4F06-96A8-13F0A485D077}
		{A11D5BF3-6A13-4E0E-A3B2-BC28EC60C573} = {972477A4-1E70-4F06-96A8-13F0A485D077}
		{011DAE98-6338-43C3-8D56-F0B6744A5198} = {972477A4-1E70-4F06-96A8-13F0A485D077}
		{A1115DCA-5862-497D-BE37-A2CF0996E361} = {972477A4-1E70-4F06-96A8-13F0A485D077}
		{C845EBDF-9527-4D4F-8FAE-C52B16E4E640} = {972477A4-1E70-4F06-96A8-13F0A485D077}
		{C6BFB792-6970-46B0-919A-1A6E7E1FAFCC} = {EC7C3725-72EA-4B7A-8907-2D40F7E67683}
		{F5B8C2AA-3405-43E7-80BB-604754B2B71D} = {85A8B748-6173-4B85-89DA-0BB7A828CF94}
		{8AF0665F-8A4B-4450-9039-726A8CF87011} = {C24C2AC0-3825-4F27-8706-EF42B4A7C8C5}
		{BA21F2F6-11CE-4D85-AC91-1ED2336F08C5} = {EC7C3725-72EA-4B7A-8907-2D40F7E67683}
		{DB953C2E-2219-4896-B552-FDF9E3663916} = {EC7C3725-72EA-4B7A-8907-2D40F7E67683}
		{BE937B91-F504-4F26-AA41-E585CA998739} = {EC7C3725-72EA-4B7A-8907-2D40F7E67683}
		{0DA4D917-85CD-485E-905C-E02B1AED492F} = {EC7C3725-72EA-4B7A-8907-2D40F7E67683}
		{A7C79FC3-449D-4F05-8ACE-2A7815BF4025} = {EC7C3725-72EA-4B7A-8907-2D40F7E67683}
		{C6A1F1D1-BA98-435D-AEFC-60DAE925C0CB} = {EC7C3725-72EA-4B7A-8907-2D40F7E67683}
		{8B0FBF8C-D007-4612-BB7F-F3EAE0FD3EB8} = {EC7C3725-72EA-4B7A-8907-2D40F7E67683}
		{ECF1118B-EED7-4602-A350-4043E29219B0} = {EC7C3725-72EA-4B7A-8907-2D40F7E67683}
		{75DAC07E-C0B7-4F57-A572-1443C02D9577} = {EC7C3725-72EA-4B7A-8907-2D40F7E67683}
		{06C8E1BF-6348-463F-97E8-9AF4D4468148} = {EC7C3725-72EA-4B7A-8907-2D40F7E67683}
		{704106EB-5A18-4EEA-8A27-92541FF7C609} = {972477A4-1E70-4F06-96A8-13F0A485D077}
		{E2080179-296D-44C2-A045-878B554FD16F} = {972477A4-1E70-4F06-96A8-13F0A485D077}
		{8BCAB53E-84AB-4CDB-A810-4EF8B1CF4FEF} = {EC7C3725-72EA-4B7A-8907-2D40F7E67683}
		{6D9DFCE7-B1F6-4242-BDBD-BABC319F6717} = {972477A4-1E70-4F06-96A8-13F0A485D077}
		{AA0CB193-2EFA-4DB4-A5D9-7407EC575FF1} = {EC7C3725-72EA-4B7A-8907-2D40F7E67683}
		{C410F6E0-153A-4540-B6A9-BF39641522EB} = {972477A4-1E70-4F06-96A8-13F0A485D077}
		{CFA65F2C-0FDC-4A92-9C78-EDC7D980B4AC} = {EC7C3725-72EA-4B7A-8907-2D40F7E67683}
		{C342E87B-37C4-4AC8-ADC4-75357E32F9F0} = {972477A4-1E70-4F06-96A8-13F0A485D077}
		{C037908B-7830-4823-9410-5DAAE266CD62} = {EC7C3725-72EA-4B7A-8907-2D40F7E67683}
		{EDA2D464-2040-4160-B1B8-7DB224EE7347} = {EC7C3725-72EA-4B7A-8907-2D40F7E67683}
		{E7D61684-E918-4142-8FD4-FB6FF442A553} = {EC7C3725-72EA-4B7A-8907-2D40F7E67683}
		{D8A07F86-B433-4906-9867-758BDED0747F} = {EC7C3725-72EA-4B7A-8907-2D40F7E67683}
		{51B68B71-0364-4459-842F-CE9647E61EBB} = {85A8B748-6173-4B85-89DA-0BB7A828CF94}
		{93887FFA-CB8F-4D88-8106-5F5F97579083} = {EC7C3725-72EA-4B7A-8907-2D40F7E67683}
		{03195D13-29DF-4372-8A61-70DE1D18AA83} = {85A8B748-6173-4B85-89DA-0BB7A828CF94}
		{A812B150-50B1-4902-A470-DA265F93B4A3} = {EC7C3725-72EA-4B7A-8907-2D40F7E67683}
		{AA817333-4AF1-4BE4-9F50-65F27FD47C7D} = {85A8B748-6173-4B85-89DA-0BB7A828CF94}
		{EA9E5338-B851-424D-B533-7C5901A4BB3C} = {EC7C3725-72EA-4B7A-8907-2D40F7E67683}
		{36C98FE6-6D37-4384-886E-A16B01D23D39} = {85A8B748-6173-4B85-89DA-0BB7A828CF94}
		{A7670031-3C9F-4C49-8D48-79D6004862C9} = {EC7C3725-72EA-4B7A-8907-2D40F7E67683}
		{A13D510B-A330-42A7-BEA2-1F20815C841B} = {90448AA3-F814-A1CB-DFCE-838EB2907C94}
	EndGlobalSection
EndGlobal
